
Microsoft Visual Studio Solution File, Format Version 12.00
# Visual Studio Version 16
VisualStudioVersion = 16.0.34301.259
MinimumVisualStudioVersion = 10.0.40219.1
Project("{FAE04EC0-301F-11D3-BF4B-00C04F79EFBC}") = "ProyectoDeIN", "ProyectoDeIN.csproj", "{620EEB08-BF9F-4296-8C48-3BD5B10433C4}"
EndProject
Global
	GlobalSection(SolutionConfigurationPlatforms) = preSolution
		Debug|Any CPU = Debug|Any CPU
		Release|Any CPU = Release|Any CPU
	EndGlobalSection
	GlobalSection(ProjectConfigurationPlatforms) = postSolution
		{620EEB08-BF9F-4296-8C48-3BD5B10433C4}.Debug|Any CPU.ActiveCfg = Debug|Any CPU
		{620EEB08-BF9F-4296-8C48-3BD5B10433C4}.Debug|Any CPU.Build.0 = Debug|Any CPU
		{620EEB08-BF9F-4296-8C48-3BD5B10433C4}.Release|Any CPU.ActiveCfg = Release|Any CPU
		{620EEB08-BF9F-4296-8C48-3BD5B10433C4}.Release|Any CPU.Build.0 = Release|Any CPU
	EndGlobalSection
	GlobalSection(SolutionProperties) = preSolution
		HideSolutionNode = FALSE
	EndGlobalSection
	GlobalSection(ExtensibilityGlobals) = postSolution
		SolutionGuid = {A219DF03-4CDD-416A-A23B-A269C2A77236}
	EndGlobalSection
EndGlobal
